// !$*UTF8*$!
{
	archiveVersion = 1;
	classes = {
	};
	objectVersion = 46;
	objects = {

/* Begin PBXBuildFile section */
		9102B9AA1E5027BB00312D25 /* QBImagePickerController.framework in Frameworks */ = {isa = PBXBuildFile; fileRef = 9102B9A91E5027BB00312D25 /* QBImagePickerController.framework */; };
		9102B9AC1E509FE000312D25 /* MobileCoreServices.framework in Frameworks */ = {isa = PBXBuildFile; fileRef = 9102B9AB1E509FE000312D25 /* MobileCoreServices.framework */; };
		9130AA051E6AA60D000029BF /* playButton1.png in Resources */ = {isa = PBXBuildFile; fileRef = 9130AA041E6AA60D000029BF /* playButton1.png */; };
		9130AA071E6B2F4C000029BF /* SettingViewController.swift in Sources */ = {isa = PBXBuildFile; fileRef = 9130AA061E6B2F4C000029BF /* SettingViewController.swift */; };
		913878791E54A8F600732F81 /* DataViewController.swift in Sources */ = {isa = PBXBuildFile; fileRef = 913878781E54A8F600732F81 /* DataViewController.swift */; };
		9138787B1E5978FF00732F81 /* Benchmark.swift in Sources */ = {isa = PBXBuildFile; fileRef = 9138787A1E5978FF00732F81 /* Benchmark.swift */; };
		91526B9A1E5DCD8400E1A8A2 /* InitialSetController.swift in Sources */ = {isa = PBXBuildFile; fileRef = 91526B991E5DCD8400E1A8A2 /* InitialSetController.swift */; };
		91526BA01E62A62300E1A8A2 /* CustomClass.swift in Sources */ = {isa = PBXBuildFile; fileRef = 91526B9F1E62A62300E1A8A2 /* CustomClass.swift */; };
		91526BA21E64540E00E1A8A2 /* AudioToolbox.framework in Frameworks */ = {isa = PBXBuildFile; fileRef = 91526BA11E64540E00E1A8A2 /* AudioToolbox.framework */; };
		91526BA41E65BAB200E1A8A2 /* AVFoundation.framework in Frameworks */ = {isa = PBXBuildFile; fileRef = 91526BA31E65BAB200E1A8A2 /* AVFoundation.framework */; };
		91526BAA1E671F1C00E1A8A2 /* CoreMedia.framework in Frameworks */ = {isa = PBXBuildFile; fileRef = 91526BA91E671F1C00E1A8A2 /* CoreMedia.framework */; };
		91526BAC1E686EB700E1A8A2 /* AVKit.framework in Frameworks */ = {isa = PBXBuildFile; fileRef = 91526BAB1E686EB700E1A8A2 /* AVKit.framework */; };
		9165F4131E5B3D0400257AD5 /* Global.swift in Sources */ = {isa = PBXBuildFile; fileRef = 9165F4121E5B3D0400257AD5 /* Global.swift */; };
		9165F4151E5C965D00257AD5 /* CalculatorViewController.swift in Sources */ = {isa = PBXBuildFile; fileRef = 9165F4141E5C965D00257AD5 /* CalculatorViewController.swift */; };
		917B53E31E4CC2050098D2FF /* AppDelegate.swift in Sources */ = {isa = PBXBuildFile; fileRef = 917B53E21E4CC2050098D2FF /* AppDelegate.swift */; };
		917B53E51E4CC2050098D2FF /* PhotoViewController.swift in Sources */ = {isa = PBXBuildFile; fileRef = 917B53E41E4CC2050098D2FF /* PhotoViewController.swift */; };
		917B53E81E4CC2050098D2FF /* Main.storyboard in Resources */ = {isa = PBXBuildFile; fileRef = 917B53E61E4CC2050098D2FF /* Main.storyboard */; };
		917B53EA1E4CC2050098D2FF /* Assets.xcassets in Resources */ = {isa = PBXBuildFile; fileRef = 917B53E91E4CC2050098D2FF /* Assets.xcassets */; };
		917B540F1E4DBAE40098D2FF /* SubPhotoViewController.swift in Sources */ = {isa = PBXBuildFile; fileRef = 917B540E1E4DBAE40098D2FF /* SubPhotoViewController.swift */; };
		917B54141E4F0C3C0098D2FF /* Photos.framework in Frameworks */ = {isa = PBXBuildFile; fileRef = 917B54131E4F0C3C0098D2FF /* Photos.framework */; };
		917B54161E4F0F760098D2FF /* AlbumViewController.swift in Sources */ = {isa = PBXBuildFile; fileRef = 917B54151E4F0F760098D2FF /* AlbumViewController.swift */; };
		917B54181E4F176A0098D2FF /* AlbumViewCell.swift in Sources */ = {isa = PBXBuildFile; fileRef = 917B54171E4F176A0098D2FF /* AlbumViewCell.swift */; };
		917B541A1E4F4BAB0098D2FF /* PhotoViewCell.swift in Sources */ = {isa = PBXBuildFile; fileRef = 917B54191E4F4BAA0098D2FF /* PhotoViewCell.swift */; };
		91E80FE61E5B1069007C3616 /* SubSubPhotoViewController.swift in Sources */ = {isa = PBXBuildFile; fileRef = 91E80FE51E5B1069007C3616 /* SubSubPhotoViewController.swift */; };
		91E80FE81E5B1114007C3616 /* SubDataViewController.swift in Sources */ = {isa = PBXBuildFile; fileRef = 91E80FE71E5B1114007C3616 /* SubDataViewController.swift */; };
		E21E215BA96F7C181B44C9FD /* Pods_SecretPhoto.framework in Frameworks */ = {isa = PBXBuildFile; fileRef = D87105EB0CC5617CF823202A /* Pods_SecretPhoto.framework */; };
/* End PBXBuildFile section */

/* Begin PBXFileReference section */
		77E20C0733AE6E836BCAD61A /* Pods-SecretPhoto.release.xcconfig */ = {isa = PBXFileReference; includeInIndex = 1; lastKnownFileType = text.xcconfig; name = "Pods-SecretPhoto.release.xcconfig"; path = "Pods/Target Support Files/Pods-SecretPhoto/Pods-SecretPhoto.release.xcconfig"; sourceTree = "<group>"; };
		9102B9A91E5027BB00312D25 /* QBImagePickerController.framework */ = {isa = PBXFileReference; lastKnownFileType = wrapper.framework; name = QBImagePickerController.framework; path = "DerivedData/SecretPhoto/Build/Products/Debug-iphonesimulator/QBImagePickerController/QBImagePickerController.framework"; sourceTree = "<group>"; };
		9102B9AB1E509FE000312D25 /* MobileCoreServices.framework */ = {isa = PBXFileReference; lastKnownFileType = wrapper.framework; name = MobileCoreServices.framework; path = System/Library/Frameworks/MobileCoreServices.framework; sourceTree = SDKROOT; };
		9130AA041E6AA60D000029BF /* playButton1.png */ = {isa = PBXFileReference; lastKnownFileType = image.png; name = playButton1.png; path = ../../../Downloads/playButton1.png; sourceTree = "<group>"; };
		9130AA061E6B2F4C000029BF /* SettingViewController.swift */ = {isa = PBXFileReference; fileEncoding = 4; lastKnownFileType = sourcecode.swift; path = SettingViewController.swift; sourceTree = "<group>"; };
		913878781E54A8F600732F81 /* DataViewController.swift */ = {isa = PBXFileReference; fileEncoding = 4; lastKnownFileType = sourcecode.swift; path = DataViewController.swift; sourceTree = "<group>"; };
		9138787A1E5978FF00732F81 /* Benchmark.swift */ = {isa = PBXFileReference; fileEncoding = 4; lastKnownFileType = sourcecode.swift; path = Benchmark.swift; sourceTree = "<group>"; };
		91526B991E5DCD8400E1A8A2 /* InitialSetController.swift */ = {isa = PBXFileReference; fileEncoding = 4; lastKnownFileType = sourcecode.swift; path = InitialSetController.swift; sourceTree = "<group>"; };
		91526B9F1E62A62300E1A8A2 /* CustomClass.swift */ = {isa = PBXFileReference; fileEncoding = 4; lastKnownFileType = sourcecode.swift; path = CustomClass.swift; sourceTree = "<group>"; };
		91526BA11E64540E00E1A8A2 /* AudioToolbox.framework */ = {isa = PBXFileReference; lastKnownFileType = wrapper.framework; name = AudioToolbox.framework; path = System/Library/Frameworks/AudioToolbox.framework; sourceTree = SDKROOT; };
		91526BA31E65BAB200E1A8A2 /* AVFoundation.framework */ = {isa = PBXFileReference; lastKnownFileType = wrapper.framework; name = AVFoundation.framework; path = System/Library/Frameworks/AVFoundation.framework; sourceTree = SDKROOT; };
		91526BA91E671F1C00E1A8A2 /* CoreMedia.framework */ = {isa = PBXFileReference; lastKnownFileType = wrapper.framework; name = CoreMedia.framework; path = System/Library/Frameworks/CoreMedia.framework; sourceTree = SDKROOT; };
		91526BAB1E686EB700E1A8A2 /* AVKit.framework */ = {isa = PBXFileReference; lastKnownFileType = wrapper.framework; name = AVKit.framework; path = System/Library/Frameworks/AVKit.framework; sourceTree = SDKROOT; };
		9165F4121E5B3D0400257AD5 /* Global.swift */ = {isa = PBXFileReference; fileEncoding = 4; lastKnownFileType = sourcecode.swift; path = Global.swift; sourceTree = "<group>"; };
		9165F4141E5C965D00257AD5 /* CalculatorViewController.swift */ = {isa = PBXFileReference; fileEncoding = 4; lastKnownFileType = sourcecode.swift; path = CalculatorViewController.swift; sourceTree = "<group>"; };
		917B53DF1E4CC2050098D2FF /* SecretPhoto.app */ = {isa = PBXFileReference; explicitFileType = wrapper.application; includeInIndex = 0; path = SecretPhoto.app; sourceTree = BUILT_PRODUCTS_DIR; };
		917B53E21E4CC2050098D2FF /* AppDelegate.swift */ = {isa = PBXFileReference; lastKnownFileType = sourcecode.swift; path = AppDelegate.swift; sourceTree = "<group>"; };
		917B53E41E4CC2050098D2FF /* PhotoViewController.swift */ = {isa = PBXFileReference; lastKnownFileType = sourcecode.swift; path = PhotoViewController.swift; sourceTree = "<group>"; };
		917B53E71E4CC2050098D2FF /* Base */ = {isa = PBXFileReference; lastKnownFileType = file.storyboard; name = Base; path = Base.lproj/Main.storyboard; sourceTree = "<group>"; };
		917B53E91E4CC2050098D2FF /* Assets.xcassets */ = {isa = PBXFileReference; lastKnownFileType = folder.assetcatalog; path = Assets.xcassets; sourceTree = "<group>"; };
		917B53EE1E4CC2050098D2FF /* Info.plist */ = {isa = PBXFileReference; lastKnownFileType = text.plist.xml; path = Info.plist; sourceTree = "<group>"; };
		917B540E1E4DBAE40098D2FF /* SubPhotoViewController.swift */ = {isa = PBXFileReference; fileEncoding = 4; lastKnownFileType = sourcecode.swift; path = SubPhotoViewController.swift; sourceTree = "<group>"; };
		917B54131E4F0C3C0098D2FF /* Photos.framework */ = {isa = PBXFileReference; lastKnownFileType = wrapper.framework; name = Photos.framework; path = System/Library/Frameworks/Photos.framework; sourceTree = SDKROOT; };
		917B54151E4F0F760098D2FF /* AlbumViewController.swift */ = {isa = PBXFileReference; fileEncoding = 4; lastKnownFileType = sourcecode.swift; path = AlbumViewController.swift; sourceTree = "<group>"; };
		917B54171E4F176A0098D2FF /* AlbumViewCell.swift */ = {isa = PBXFileReference; fileEncoding = 4; lastKnownFileType = sourcecode.swift; path = AlbumViewCell.swift; sourceTree = "<group>"; };
		917B54191E4F4BAA0098D2FF /* PhotoViewCell.swift */ = {isa = PBXFileReference; fileEncoding = 4; lastKnownFileType = sourcecode.swift; path = PhotoViewCell.swift; sourceTree = "<group>"; };
		91E80FE51E5B1069007C3616 /* SubSubPhotoViewController.swift */ = {isa = PBXFileReference; fileEncoding = 4; lastKnownFileType = sourcecode.swift; path = SubSubPhotoViewController.swift; sourceTree = "<group>"; };
		91E80FE71E5B1114007C3616 /* SubDataViewController.swift */ = {isa = PBXFileReference; fileEncoding = 4; lastKnownFileType = sourcecode.swift; path = SubDataViewController.swift; sourceTree = "<group>"; };
		9DDA81D0236E3278C776B75B /* Pods-SecretPhoto.debug.xcconfig */ = {isa = PBXFileReference; includeInIndex = 1; lastKnownFileType = text.xcconfig; name = "Pods-SecretPhoto.debug.xcconfig"; path = "Pods/Target Support Files/Pods-SecretPhoto/Pods-SecretPhoto.debug.xcconfig"; sourceTree = "<group>"; };
		D87105EB0CC5617CF823202A /* Pods_SecretPhoto.framework */ = {isa = PBXFileReference; explicitFileType = wrapper.framework; includeInIndex = 0; path = Pods_SecretPhoto.framework; sourceTree = BUILT_PRODUCTS_DIR; };
/* End PBXFileReference section */

/* Begin PBXFrameworksBuildPhase section */
		917B53DC1E4CC2050098D2FF /* Frameworks */ = {
			isa = PBXFrameworksBuildPhase;
			buildActionMask = 2147483647;
			files = (
				91526BAC1E686EB700E1A8A2 /* AVKit.framework in Frameworks */,
				91526BAA1E671F1C00E1A8A2 /* CoreMedia.framework in Frameworks */,
				91526BA41E65BAB200E1A8A2 /* AVFoundation.framework in Frameworks */,
				91526BA21E64540E00E1A8A2 /* AudioToolbox.framework in Frameworks */,
				9102B9AC1E509FE000312D25 /* MobileCoreServices.framework in Frameworks */,
				9102B9AA1E5027BB00312D25 /* QBImagePickerController.framework in Frameworks */,
				917B54141E4F0C3C0098D2FF /* Photos.framework in Frameworks */,
				E21E215BA96F7C181B44C9FD /* Pods_SecretPhoto.framework in Frameworks */,
			);
			runOnlyForDeploymentPostprocessing = 0;
		};
/* End PBXFrameworksBuildPhase section */

/* Begin PBXGroup section */
		917B53D61E4CC2050098D2FF = {
			isa = PBXGroup;
			children = (
				917B53E11E4CC2050098D2FF /* SecretPhoto */,
				917B53E01E4CC2050098D2FF /* Products */,
				917B54101E4EED400098D2FF /* Frameworks */,
				93C8BDF8B287E24ECC81EC1F /* Pods */,
			);
			sourceTree = "<group>";
		};
		917B53E01E4CC2050098D2FF /* Products */ = {
			isa = PBXGroup;
			children = (
				917B53DF1E4CC2050098D2FF /* SecretPhoto.app */,
			);
			name = Products;
			sourceTree = "<group>";
		};
		917B53E11E4CC2050098D2FF /* SecretPhoto */ = {
			isa = PBXGroup;
			children = (
				917B53E21E4CC2050098D2FF /* AppDelegate.swift */,
				91526B991E5DCD8400E1A8A2 /* InitialSetController.swift */,
				917B53E41E4CC2050098D2FF /* PhotoViewController.swift */,
				917B54191E4F4BAA0098D2FF /* PhotoViewCell.swift */,
				917B54151E4F0F760098D2FF /* AlbumViewController.swift */,
				9165F4121E5B3D0400257AD5 /* Global.swift */,
				917B54171E4F176A0098D2FF /* AlbumViewCell.swift */,
				917B53E61E4CC2050098D2FF /* Main.storyboard */,
				9130AA061E6B2F4C000029BF /* SettingViewController.swift */,
				91526B9F1E62A62300E1A8A2 /* CustomClass.swift */,
				9165F4141E5C965D00257AD5 /* CalculatorViewController.swift */,
				91E80FE51E5B1069007C3616 /* SubSubPhotoViewController.swift */,
				91E80FE71E5B1114007C3616 /* SubDataViewController.swift */,
				913878781E54A8F600732F81 /* DataViewController.swift */,
				917B540E1E4DBAE40098D2FF /* SubPhotoViewController.swift */,
				9138787A1E5978FF00732F81 /* Benchmark.swift */,
				917B53E91E4CC2050098D2FF /* Assets.xcassets */,
				917B53EE1E4CC2050098D2FF /* Info.plist */,
				9130AA041E6AA60D000029BF /* playButton1.png */,
			);
			path = SecretPhoto;
			sourceTree = "<group>";
		};
		917B54101E4EED400098D2FF /* Frameworks */ = {
			isa = PBXGroup;
			children = (
				91526BAB1E686EB700E1A8A2 /* AVKit.framework */,
				91526BA91E671F1C00E1A8A2 /* CoreMedia.framework */,
				91526BA31E65BAB200E1A8A2 /* AVFoundation.framework */,
				91526BA11E64540E00E1A8A2 /* AudioToolbox.framework */,
				9102B9AB1E509FE000312D25 /* MobileCoreServices.framework */,
				9102B9A91E5027BB00312D25 /* QBImagePickerController.framework */,
				917B54131E4F0C3C0098D2FF /* Photos.framework */,
				D87105EB0CC5617CF823202A /* Pods_SecretPhoto.framework */,
			);
			name = Frameworks;
			sourceTree = "<group>";
		};
		93C8BDF8B287E24ECC81EC1F /* Pods */ = {
			isa = PBXGroup;
			children = (
				9DDA81D0236E3278C776B75B /* Pods-SecretPhoto.debug.xcconfig */,
				77E20C0733AE6E836BCAD61A /* Pods-SecretPhoto.release.xcconfig */,
			);
			name = Pods;
			sourceTree = "<group>";
		};
/* End PBXGroup section */

/* Begin PBXNativeTarget section */
		917B53DE1E4CC2050098D2FF /* SecretPhoto */ = {
			isa = PBXNativeTarget;
			buildConfigurationList = 917B53F11E4CC2050098D2FF /* Build configuration list for PBXNativeTarget "SecretPhoto" */;
			buildPhases = (
				9D1E2298DFD7466DE163528A /* [CP] Check Pods Manifest.lock */,
				917B53DB1E4CC2050098D2FF /* Sources */,
				917B53DC1E4CC2050098D2FF /* Frameworks */,
				917B53DD1E4CC2050098D2FF /* Resources */,
				0B4ED4FF913F290BFC4235AF /* [CP] Embed Pods Frameworks */,
				21626A8E0DC8B045EDD07568 /* [CP] Copy Pods Resources */,
			);
			buildRules = (
			);
			dependencies = (
			);
			name = SecretPhoto;
			productName = SecretPhoto;
			productReference = 917B53DF1E4CC2050098D2FF /* SecretPhoto.app */;
			productType = "com.apple.product-type.application";
		};
/* End PBXNativeTarget section */

/* Begin PBXProject section */
		917B53D71E4CC2050098D2FF /* Project object */ = {
			isa = PBXProject;
			attributes = {
				LastSwiftUpdateCheck = 0820;
				LastUpgradeCheck = 0820;
				ORGANIZATIONNAME = "kawahara keisuke";
				TargetAttributes = {
					917B53DE1E4CC2050098D2FF = {
						CreatedOnToolsVersion = 8.2.1;
						DevelopmentTeam = FZE25WBDFZ;
						ProvisioningStyle = Automatic;
					};
				};
			};
			buildConfigurationList = 917B53DA1E4CC2050098D2FF /* Build configuration list for PBXProject "SecretPhoto" */;
			compatibilityVersion = "Xcode 3.2";
			developmentRegion = English;
			hasScannedForEncodings = 0;
			knownRegions = (
				en,
				Base,
			);
			mainGroup = 917B53D61E4CC2050098D2FF;
			productRefGroup = 917B53E01E4CC2050098D2FF /* Products */;
			projectDirPath = "";
			projectRoot = "";
			targets = (
				917B53DE1E4CC2050098D2FF /* SecretPhoto */,
			);
		};
/* End PBXProject section */

/* Begin PBXResourcesBuildPhase section */
		917B53DD1E4CC2050098D2FF /* Resources */ = {
			isa = PBXResourcesBuildPhase;
			buildActionMask = 2147483647;
			files = (
				9130AA051E6AA60D000029BF /* playButton1.png in Resources */,
				917B53EA1E4CC2050098D2FF /* Assets.xcassets in Resources */,
				917B53E81E4CC2050098D2FF /* Main.storyboard in Resources */,
			);
			runOnlyForDeploymentPostprocessing = 0;
		};
/* End PBXResourcesBuildPhase section */

/* Begin PBXShellScriptBuildPhase section */
		0B4ED4FF913F290BFC4235AF /* [CP] Embed Pods Frameworks */ = {
			isa = PBXShellScriptBuildPhase;
			buildActionMask = 2147483647;
			files = (
			);
			inputPaths = (
			);
			name = "[CP] Embed Pods Frameworks";
			outputPaths = (
			);
			runOnlyForDeploymentPostprocessing = 0;
			shellPath = /bin/sh;
			shellScript = "\"${SRCROOT}/Pods/Target Support Files/Pods-SecretPhoto/Pods-SecretPhoto-frameworks.sh\"\n";
			showEnvVarsInLog = 0;
		};
		21626A8E0DC8B045EDD07568 /* [CP] Copy Pods Resources */ = {
			isa = PBXShellScriptBuildPhase;
			buildActionMask = 2147483647;
			files = (
			);
			inputPaths = (
			);
			name = "[CP] Copy Pods Resources";
			outputPaths = (
			);
			runOnlyForDeploymentPostprocessing = 0;
			shellPath = /bin/sh;
			shellScript = "\"${SRCROOT}/Pods/Target Support Files/Pods-SecretPhoto/Pods-SecretPhoto-resources.sh\"\n";
			showEnvVarsInLog = 0;
		};
		9D1E2298DFD7466DE163528A /* [CP] Check Pods Manifest.lock */ = {
			isa = PBXShellScriptBuildPhase;
			buildActionMask = 2147483647;
			files = (
			);
			inputPaths = (
			);
			name = "[CP] Check Pods Manifest.lock";
			outputPaths = (
			);
			runOnlyForDeploymentPostprocessing = 0;
			shellPath = /bin/sh;
			shellScript = "diff \"${PODS_ROOT}/../Podfile.lock\" \"${PODS_ROOT}/Manifest.lock\" > /dev/null\nif [ $? != 0 ] ; then\n    # print error to STDERR\n    echo \"error: The sandbox is not in sync with the Podfile.lock. Run 'pod install' or update your CocoaPods installation.\" >&2\n    exit 1\nfi\n";
			showEnvVarsInLog = 0;
		};
/* End PBXShellScriptBuildPhase section */

/* Begin PBXSourcesBuildPhase section */
		917B53DB1E4CC2050098D2FF /* Sources */ = {
			isa = PBXSourcesBuildPhase;
			buildActionMask = 2147483647;
			files = (
				917B54161E4F0F760098D2FF /* AlbumViewController.swift in Sources */,
				913878791E54A8F600732F81 /* DataViewController.swift in Sources */,
				91E80FE61E5B1069007C3616 /* SubSubPhotoViewController.swift in Sources */,
				91526B9A1E5DCD8400E1A8A2 /* InitialSetController.swift in Sources */,
				917B540F1E4DBAE40098D2FF /* SubPhotoViewController.swift in Sources */,
				9130AA071E6B2F4C000029BF /* SettingViewController.swift in Sources */,
				917B53E51E4CC2050098D2FF /* PhotoViewController.swift in Sources */,
				917B53E31E4CC2050098D2FF /* AppDelegate.swift in Sources */,
				9165F4131E5B3D0400257AD5 /* Global.swift in Sources */,
				9138787B1E5978FF00732F81 /* Benchmark.swift in Sources */,
				917B54181E4F176A0098D2FF /* AlbumViewCell.swift in Sources */,
				917B541A1E4F4BAB0098D2FF /* PhotoViewCell.swift in Sources */,
				9165F4151E5C965D00257AD5 /* CalculatorViewController.swift in Sources */,
				91E80FE81E5B1114007C3616 /* SubDataViewController.swift in Sources */,
				91526BA01E62A62300E1A8A2 /* CustomClass.swift in Sources */,
			);
			runOnlyForDeploymentPostprocessing = 0;
		};
/* End PBXSourcesBuildPhase section */

/* Begin PBXVariantGroup section */
		917B53E61E4CC2050098D2FF /* Main.storyboard */ = {
			isa = PBXVariantGroup;
			children = (
				917B53E71E4CC2050098D2FF /* Base */,
			);
			name = Main.storyboard;
			sourceTree = "<group>";
		};
/* End PBXVariantGroup section */

/* Begin XCBuildConfiguration section */
		917B53EF1E4CC2050098D2FF /* Debug */ = {
			isa = XCBuildConfiguration;
			buildSettings = {
				ALWAYS_SEARCH_USER_PATHS = NO;
				CLANG_ANALYZER_NONNULL = YES;
				CLANG_CXX_LANGUAGE_STANDARD = "gnu++0x";
				CLANG_CXX_LIBRARY = "libc++";
				CLANG_ENABLE_MODULES = YES;
				CLANG_ENABLE_OBJC_ARC = YES;
				CLANG_WARN_BOOL_CONVERSION = YES;
				CLANG_WARN_CONSTANT_CONVERSION = YES;
				CLANG_WARN_DIRECT_OBJC_ISA_USAGE = YES_ERROR;
				CLANG_WARN_DOCUMENTATION_COMMENTS = YES;
				CLANG_WARN_EMPTY_BODY = YES;
				CLANG_WARN_ENUM_CONVERSION = YES;
				CLANG_WARN_INFINITE_RECURSION = YES;
				CLANG_WARN_INT_CONVERSION = YES;
				CLANG_WARN_OBJC_ROOT_CLASS = YES_ERROR;
				CLANG_WARN_SUSPICIOUS_MOVE = YES;
				CLANG_WARN_UNREACHABLE_CODE = YES;
				CLANG_WARN__DUPLICATE_METHOD_MATCH = YES;
				"CODE_SIGN_IDENTITY[sdk=iphoneos*]" = "iPhone Developer";
				COPY_PHASE_STRIP = NO;
				DEBUG_INFORMATION_FORMAT = dwarf;
				ENABLE_STRICT_OBJC_MSGSEND = YES;
				ENABLE_TESTABILITY = YES;
				GCC_C_LANGUAGE_STANDARD = gnu99;
				GCC_DYNAMIC_NO_PIC = NO;
				GCC_NO_COMMON_BLOCKS = YES;
				GCC_OPTIMIZATION_LEVEL = 0;
				GCC_PREPROCESSOR_DEFINITIONS = (
					"DEBUG=1",
					"$(inherited)",
				);
				GCC_WARN_64_TO_32_BIT_CONVERSION = YES;
				GCC_WARN_ABOUT_RETURN_TYPE = YES_ERROR;
				GCC_WARN_UNDECLARED_SELECTOR = YES;
				GCC_WARN_UNINITIALIZED_AUTOS = YES_AGGRESSIVE;
				GCC_WARN_UNUSED_FUNCTION = YES;
				GCC_WARN_UNUSED_VARIABLE = YES;
				IPHONEOS_DEPLOYMENT_TARGET = 10.2;
				MTL_ENABLE_DEBUG_INFO = YES;
				ONLY_ACTIVE_ARCH = YES;
				SDKROOT = iphoneos;
				SWIFT_ACTIVE_COMPILATION_CONDITIONS = DEBUG;
				SWIFT_OPTIMIZATION_LEVEL = "-Onone";
			};
			name = Debug;
		};
		917B53F01E4CC2050098D2FF /* Release */ = {
			isa = XCBuildConfiguration;
			buildSettings = {
				ALWAYS_SEARCH_USER_PATHS = NO;
				CLANG_ANALYZER_NONNULL = YES;
				CLANG_CXX_LANGUAGE_STANDARD = "gnu++0x";
				CLANG_CXX_LIBRARY = "libc++";
				CLANG_ENABLE_MODULES = YES;
				CLANG_ENABLE_OBJC_ARC = YES;
				CLANG_WARN_BOOL_CONVERSION = YES;
				CLANG_WARN_CONSTANT_CONVERSION = YES;
				CLANG_WARN_DIRECT_OBJC_ISA_USAGE = YES_ERROR;
				CLANG_WARN_DOCUMENTATION_COMMENTS = YES;
				CLANG_WARN_EMPTY_BODY = YES;
				CLANG_WARN_ENUM_CONVERSION = YES;
				CLANG_WARN_INFINITE_RECURSION = YES;
				CLANG_WARN_INT_CONVERSION = YES;
				CLANG_WARN_OBJC_ROOT_CLASS = YES_ERROR;
				CLANG_WARN_SUSPICIOUS_MOVE = YES;
				CLANG_WARN_UNREACHABLE_CODE = YES;
				CLANG_WARN__DUPLICATE_METHOD_MATCH = YES;
				"CODE_SIGN_IDENTITY[sdk=iphoneos*]" = "iPhone Developer";
				COPY_PHASE_STRIP = NO;
				DEBUG_INFORMATION_FORMAT = "dwarf-with-dsym";
				ENABLE_NS_ASSERTIONS = NO;
				ENABLE_STRICT_OBJC_MSGSEND = YES;
				GCC_C_LANGUAGE_STANDARD = gnu99;
				GCC_NO_COMMON_BLOCKS = YES;
				GCC_WARN_64_TO_32_BIT_CONVERSION = YES;
				GCC_WARN_ABOUT_RETURN_TYPE = YES_ERROR;
				GCC_WARN_UNDECLARED_SELECTOR = YES;
				GCC_WARN_UNINITIALIZED_AUTOS = YES_AGGRESSIVE;
				GCC_WARN_UNUSED_FUNCTION = YES;
				GCC_WARN_UNUSED_VARIABLE = YES;
				IPHONEOS_DEPLOYMENT_TARGET = 10.2;
				MTL_ENABLE_DEBUG_INFO = NO;
				SDKROOT = iphoneos;
				SWIFT_OPTIMIZATION_LEVEL = "-Owholemodule";
				VALIDATE_PRODUCT = YES;
			};
			name = Release;
		};
		917B53F21E4CC2050098D2FF /* Debug */ = {
			isa = XCBuildConfiguration;
			baseConfigurationReference = 9DDA81D0236E3278C776B75B /* Pods-SecretPhoto.debug.xcconfig */;
			buildSettings = {
				ASSETCATALOG_COMPILER_APPICON_NAME = AppIcon;
				CLANG_ALLOW_NON_MODULAR_INCLUDES_IN_FRAMEWORK_MODULES = YES;
				CODE_SIGN_IDENTITY = "iPhone Developer";
				DEVELOPMENT_TEAM = FZE25WBDFZ;
				FRAMEWORK_SEARCH_PATHS = (
					"$(inherited)",
					"$(PROJECT_DIR)/build/Debug-iphoneos/QBImagePickerController",
					"$(PROJECT_DIR)/build/Debug-iphoneos",
					"$(PROJECT_DIR)/DerivedData/SecretPhoto/Build/Products/Debug-iphonesimulator/QBImagePickerController",
				);
				INFOPLIST_FILE = SecretPhoto/Info.plist;
				IPHONEOS_DEPLOYMENT_TARGET = 9.0;
				LD_RUNPATH_SEARCH_PATHS = "$(inherited) @executable_path/Frameworks";
				PRODUCT_BUNDLE_IDENTIFIER = jp.keisuke.SecretPhoto;
				PRODUCT_NAME = "$(TARGET_NAME)";
				SWIFT_VERSION = 3.0;
			};
			name = Debug;
		};
		917B53F31E4CC2050098D2FF /* Release */ = {
			isa = XCBuildConfiguration;
			baseConfigurationReference = 77E20C0733AE6E836BCAD61A /* Pods-SecretPhoto.release.xcconfig */;
			buildSettings = {
				ASSETCATALOG_COMPILER_APPICON_NAME = AppIcon;
				CLANG_ALLOW_NON_MODULAR_INCLUDES_IN_FRAMEWORK_MODULES = YES;
				CODE_SIGN_IDENTITY = "iPhone Developer";
				DEVELOPMENT_TEAM = FZE25WBDFZ;
				FRAMEWORK_SEARCH_PATHS = (
					"$(inherited)",
					"$(PROJECT_DIR)/build/Debug-iphoneos/QBImagePickerController",
					"$(PROJECT_DIR)/build/Debug-iphoneos",
					"$(PROJECT_DIR)/DerivedData/SecretPhoto/Build/Products/Debug-iphonesimulator/QBImagePickerController",
				);
				INFOPLIST_FILE = SecretPhoto/Info.plist;
				IPHONEOS_DEPLOYMENT_TARGET = 9.0;
				LD_RUNPATH_SEARCH_PATHS = "$(inherited) @executable_path/Frameworks";
				PRODUCT_BUNDLE_IDENTIFIER = jp.keisuke.SecretPhoto;
				PRODUCT_NAME = "$(TARGET_NAME)";
				SWIFT_VERSION = 3.0;
			};
			name = Release;
		};
/* End XCBuildConfiguration section */

/* Begin XCConfigurationList section */
		917B53DA1E4CC2050098D2FF /* Build configuration list for PBXProject "SecretPhoto" */ = {
			isa = XCConfigurationList;
			buildConfigurations = (
				917B53EF1E4CC2050098D2FF /* Debug */,
				917B53F01E4CC2050098D2FF /* Release */,
			);
			defaultConfigurationIsVisible = 0;
			defaultConfigurationName = Release;
		};
		917B53F11E4CC2050098D2FF /* Build configuration list for PBXNativeTarget "SecretPhoto" */ = {
			isa = XCConfigurationList;
			buildConfigurations = (
				917B53F21E4CC2050098D2FF /* Debug */,
				917B53F31E4CC2050098D2FF /* Release */,
			);
			defaultConfigurationIsVisible = 0;
			defaultConfigurationName = Release;
		};
/* End XCConfigurationList section */
	};
	rootObject = 917B53D71E4CC2050098D2FF /* Project object */;
}
